
Microsoft Visual Studio Solution File, Format Version 12.00
# Visual Studio Version 16
VisualStudioVersion = 16.0.30406.217
MinimumVisualStudioVersion = 10.0.40219.1
Project("{FAE04EC0-301F-11D3-BF4B-00C04F79EFBC}") = "DAL", "DLL\DAL.csproj", "{5BC903A3-610F-4BA4-A87A-E484F1313DFF}"
EndProject
Project("{FAE04EC0-301F-11D3-BF4B-00C04F79EFBC}") = "BLL", "BLL\BLL.csproj", "{843C6F39-144A-4768-9840-C87ECFC90027}"
EndProject
Project("{FAE04EC0-301F-11D3-BF4B-00C04F79EFBC}") = "StoreUI", "StoreUI\StoreUI.csproj", "{4F8F13CA-DF2D-4EC1-99B5-355AC2633060}"
EndProject
Project("{FAE04EC0-301F-11D3-BF4B-00C04F79EFBC}") = "StoreUI.Tests", "StoreUI.Tests\StoreUI.Tests.csproj", "{99F28B1A-D7D5-4813-AF53-22825A85431E}"
EndProject
Global
	GlobalSection(SolutionConfigurationPlatforms) = preSolution
		Debug|Any CPU = Debug|Any CPU
		Release|Any CPU = Release|Any CPU
	EndGlobalSection
	GlobalSection(ProjectConfigurationPlatforms) = postSolution
		{5BC903A3-610F-4BA4-A87A-E484F1313DFF}.Debug|Any CPU.ActiveCfg = Debug|Any CPU
		{5BC903A3-610F-4BA4-A87A-E484F1313DFF}.Debug|Any CPU.Build.0 = Debug|Any CPU
		{5BC903A3-610F-4BA4-A87A-E484F1313DFF}.Release|Any CPU.ActiveCfg = Release|Any CPU
		{5BC903A3-610F-4BA4-A87A-E484F1313DFF}.Release|Any CPU.Build.0 = Release|Any CPU
		{843C6F39-144A-4768-9840-C87ECFC90027}.Debug|Any CPU.ActiveCfg = Debug|Any CPU
		{843C6F39-144A-4768-9840-C87ECFC90027}.Debug|Any CPU.Build.0 = Debug|Any CPU
		{843C6F39-144A-4768-9840-C87ECFC90027}.Release|Any CPU.ActiveCfg = Release|Any CPU
		{843C6F39-144A-4768-9840-C87ECFC90027}.Release|Any CPU.Build.0 = Release|Any CPU
		{4F8F13CA-DF2D-4EC1-99B5-355AC2633060}.Debug|Any CPU.ActiveCfg = Debug|Any CPU
		{4F8F13CA-DF2D-4EC1-99B5-355AC2633060}.Debug|Any CPU.Build.0 = Debug|Any CPU
		{4F8F13CA-DF2D-4EC1-99B5-355AC2633060}.Release|Any CPU.ActiveCfg = Release|Any CPU
		{4F8F13CA-DF2D-4EC1-99B5-355AC2633060}.Release|Any CPU.Build.0 = Release|Any CPU
		{99F28B1A-D7D5-4813-AF53-22825A85431E}.Debug|Any CPU.ActiveCfg = Debug|Any CPU
		{99F28B1A-D7D5-4813-AF53-22825A85431E}.Debug|Any CPU.Build.0 = Debug|Any CPU
		{99F28B1A-D7D5-4813-AF53-22825A85431E}.Release|Any CPU.ActiveCfg = Release|Any CPU
		{99F28B1A-D7D5-4813-AF53-22825A85431E}.Release|Any CPU.Build.0 = Release|Any CPU
	EndGlobalSection
	GlobalSection(SolutionProperties) = preSolution
		HideSolutionNode = FALSE
	EndGlobalSection
	GlobalSection(ExtensibilityGlobals) = postSolution
		SolutionGuid = {75A0EEAB-AC82-4E3A-B91C-9920C71D1DF4}
	EndGlobalSection
EndGlobal
